
Microsoft Visual Studio Solution File, Format Version 12.00
# Visual Studio Version 16
VisualStudioVersion = 16.0.30711.63
MinimumVisualStudioVersion = 10.0.40219.1
Project("{D954291E-2A0B-460D-934E-DC6B0785DB48}") = "KatKitsCommon", "KatKitsCommon\KatKitsCommon.shproj", "{4D582CF4-0CBA-4052-880D-4E5508FC9E1C}"
EndProject
Project("{9A19103F-16F7-4668-BE54-9A1E7A4F7556}") = "KatKits", "KatKits\KatKits.csproj", "{FEF6D0C4-0A6E-4A9F-AF7A-6D38AD5E5EF0}"
EndProject
Project("{FAE04EC0-301F-11D3-BF4B-00C04F79EFBC}") = "KatKits.Framework", "KatKits.Framework\KatKits.Framework.csproj", "{87728733-7510-4F45-8108-50091EA4DE3B}"
EndProject
Project("{9092AA53-FB77-4645-B42D-1CCCA6BD08BD}") = "KatKits.TS", "KatKits.TS\KatKits.TS.njsproj", "{F2B00E34-81C1-4CF2-8453-F15CCA10FB08}"
EndProject
Project("{9092AA53-FB77-4645-B42D-1CCCA6BD08BD}") = "KatKits.TS.FileSliced", "KatKits.TS.FileSliced\KatKits.TS.FileSliced.njsproj", "{6A5A8175-BBE2-4B0A-B073-E876975F1790}"
EndProject
Project("{FAE04EC0-301F-11D3-BF4B-00C04F79EFBC}") = "KatKits.Test", "KatKits.Test\KatKits.Test.csproj", "{0B2B9FF7-0D4B-4780-A5AF-DBF1ECBCF7D2}"
EndProject
Global
	GlobalSection(SharedMSBuildProjectFiles) = preSolution
		KatKitsCommon\KatKitsCommon.projitems*{0b2b9ff7-0d4b-4780-a5af-dbf1ecbcf7d2}*SharedItemsImports = 5
		KatKitsCommon\KatKitsCommon.projitems*{4d582cf4-0cba-4052-880d-4e5508fc9e1c}*SharedItemsImports = 13
		KatKitsCommon\KatKitsCommon.projitems*{87728733-7510-4f45-8108-50091ea4de3b}*SharedItemsImports = 4
		KatKitsCommon\KatKitsCommon.projitems*{fef6d0c4-0a6e-4a9f-af7a-6d38ad5e5ef0}*SharedItemsImports = 5
	EndGlobalSection
	GlobalSection(SolutionConfigurationPlatforms) = preSolution
		Debug|Any CPU = Debug|Any CPU
		Release|Any CPU = Release|Any CPU
	EndGlobalSection
	GlobalSection(ProjectConfigurationPlatforms) = postSolution
		{FEF6D0C4-0A6E-4A9F-AF7A-6D38AD5E5EF0}.Debug|Any CPU.ActiveCfg = Debug|Any CPU
		{FEF6D0C4-0A6E-4A9F-AF7A-6D38AD5E5EF0}.Debug|Any CPU.Build.0 = Debug|Any CPU
		{FEF6D0C4-0A6E-4A9F-AF7A-6D38AD5E5EF0}.Release|Any CPU.ActiveCfg = Release|Any CPU
		{FEF6D0C4-0A6E-4A9F-AF7A-6D38AD5E5EF0}.Release|Any CPU.Build.0 = Release|Any CPU
		{87728733-7510-4F45-8108-50091EA4DE3B}.Debug|Any CPU.ActiveCfg = Debug|Any CPU
		{87728733-7510-4F45-8108-50091EA4DE3B}.Debug|Any CPU.Build.0 = Debug|Any CPU
		{87728733-7510-4F45-8108-50091EA4DE3B}.Release|Any CPU.ActiveCfg = Release|Any CPU
		{87728733-7510-4F45-8108-50091EA4DE3B}.Release|Any CPU.Build.0 = Release|Any CPU
		{F2B00E34-81C1-4CF2-8453-F15CCA10FB08}.Debug|Any CPU.ActiveCfg = Debug|Any CPU
		{F2B00E34-81C1-4CF2-8453-F15CCA10FB08}.Debug|Any CPU.Build.0 = Debug|Any CPU
		{F2B00E34-81C1-4CF2-8453-F15CCA10FB08}.Release|Any CPU.ActiveCfg = Release|Any CPU
		{F2B00E34-81C1-4CF2-8453-F15CCA10FB08}.Release|Any CPU.Build.0 = Release|Any CPU
		{6A5A8175-BBE2-4B0A-B073-E876975F1790}.Debug|Any CPU.ActiveCfg = Debug|Any CPU
		{6A5A8175-BBE2-4B0A-B073-E876975F1790}.Debug|Any CPU.Build.0 = Debug|Any CPU
		{6A5A8175-BBE2-4B0A-B073-E876975F1790}.Release|Any CPU.ActiveCfg = Release|Any CPU
		{6A5A8175-BBE2-4B0A-B073-E876975F1790}.Release|Any CPU.Build.0 = Release|Any CPU
		{0B2B9FF7-0D4B-4780-A5AF-DBF1ECBCF7D2}.Debug|Any CPU.ActiveCfg = Debug|Any CPU
		{0B2B9FF7-0D4B-4780-A5AF-DBF1ECBCF7D2}.Debug|Any CPU.Build.0 = Debug|Any CPU
		{0B2B9FF7-0D4B-4780-A5AF-DBF1ECBCF7D2}.Release|Any CPU.ActiveCfg = Release|Any CPU
		{0B2B9FF7-0D4B-4780-A5AF-DBF1ECBCF7D2}.Release|Any CPU.Build.0 = Release|Any CPU
	EndGlobalSection
	GlobalSection(SolutionProperties) = preSolution
		HideSolutionNode = FALSE
	EndGlobalSection
	GlobalSection(ExtensibilityGlobals) = postSolution
		SolutionGuid = {E590E271-2B05-4B19-BA22-2B8BB90D647B}
	EndGlobalSection
EndGlobal
